// !$*UTF8*$!
{
	archiveVersion = 1;
	classes = {
	};
	objectVersion = 55;
	objects = {

/* Begin PBXBuildFile section */
		00B9675E241B5AF9A78CBF46 /* CoffeeInfoView.swift in Sources */ = {isa = PBXBuildFile; fileRef = 9346E959F6E77BE70B2F8A7D /* CoffeeInfoView.swift */; };
		11B34AFC2BC9E260A04C4C06 /* Pretendard-Medium.otf in Resources */ = {isa = PBXBuildFile; fileRef = C0E4D3132E9BCE5599E7181A /* Pretendard-Medium.otf */; };
		1592214C354B13861842A9E1 /* TuistBundle+UMCTuistTest.swift in Sources */ = {isa = PBXBuildFile; fileRef = B0D5686294D25AC956E37E24 /* TuistBundle+UMCTuistTest.swift */; };
		283FAFAB0DF20BBE37B0950D /* ContentView.swift in Sources */ = {isa = PBXBuildFile; fileRef = 63DDAA6B489028F04D2BE650 /* ContentView.swift */; };
		2F797CA6863B72EE47631BE0 /* UMCTuistTestApp.swift in Sources */ = {isa = PBXBuildFile; fileRef = 8BE7B8E440794E4A0C971898 /* UMCTuistTestApp.swift */; };
		31B601676410325609FA98C1 /* Pretendard-ExtraLight.otf in Resources */ = {isa = PBXBuildFile; fileRef = 7E3BFE041C114D034C814146 /* Pretendard-ExtraLight.otf */; };
		36B469971239E1E148CCCFFE /* SignupView.swift in Sources */ = {isa = PBXBuildFile; fileRef = 64898C96687D4F81A7CF5AF3 /* SignupView.swift */; };
		4C3A1B9286AFA1FA6F07F25E /* Pretendard-ExtraBold.otf in Resources */ = {isa = PBXBuildFile; fileRef = 15D94AA267185FB310184B25 /* Pretendard-ExtraBold.otf */; };
		4C56F2BFFB40B3E3B0C8E973 /* Pretendard-Light.otf in Resources */ = {isa = PBXBuildFile; fileRef = 9689CCB7CF6C5D74452BD98F /* Pretendard-Light.otf */; };
		4DF54D04FD3C15227E028B68 /* TabbarView.swift in Sources */ = {isa = PBXBuildFile; fileRef = 37EB769B3674C9134E344389 /* TabbarView.swift */; };
		53D4FD3C38F04A188F2F7A4B /* HomeViewModel.swift in Sources */ = {isa = PBXBuildFile; fileRef = F3EBC23CA6895FD747ED8B22 /* HomeViewModel.swift */; };
		54F1F1AC073AE47D5363C109 /* HomeModel.swift in Sources */ = {isa = PBXBuildFile; fileRef = 0135012211850C3B0267D84F /* HomeModel.swift */; };
		55C8B93A2FB7D64F75DBFC5E /* TuistAssets+UMCTuistTest.swift in Sources */ = {isa = PBXBuildFile; fileRef = 54C231761991927410688E08 /* TuistAssets+UMCTuistTest.swift */; };
		66EFB8634BDCD823A2A9219F /* Assets.xcassets in Resources */ = {isa = PBXBuildFile; fileRef = 1199F897D3B3E4E5085F5B8F /* Assets.xcassets */; };
		6F6D121A68A4366D5C92072D /* Pretendard-Black.otf in Resources */ = {isa = PBXBuildFile; fileRef = E1DFEE307B82D20736F41BC5 /* Pretendard-Black.otf */; };
		7F27F5EC85378D75083040F4 /* OtherViewModel.swift in Sources */ = {isa = PBXBuildFile; fileRef = 8947E6E961CCFEC421886DF5 /* OtherViewModel.swift */; };
		897743B91034A37C234FEFE2 /* LoginModel.swift in Sources */ = {isa = PBXBuildFile; fileRef = C1AA9B4741244B15D50E4514 /* LoginModel.swift */; };
		8C1F9989640F387A84C5042D /* SignupModel.swift in Sources */ = {isa = PBXBuildFile; fileRef = D5FAD0929540220852FA21E8 /* SignupModel.swift */; };
		8D9972C0EB2F5C25BE7A1FE9 /* LoginView.swift in Sources */ = {isa = PBXBuildFile; fileRef = 9DC89CBF1986537AE945AA96 /* LoginView.swift */; };
		90C1D1847E4B0B2ABBCADF57 /* OtherView.swift in Sources */ = {isa = PBXBuildFile; fileRef = A9867E4F8352DDBD1A8A9AF2 /* OtherView.swift */; };
		9F1558FE342042E1F88131D6 /* HomeView.swift in Sources */ = {isa = PBXBuildFile; fileRef = DF0E0203B492B22C6E21D705 /* HomeView.swift */; };
		A626E2FCC258D2C5A20B180B /* SignupViewModel.swift in Sources */ = {isa = PBXBuildFile; fileRef = A7A28806778E0D68235D2A08 /* SignupViewModel.swift */; };
		A6A9F4C155824CEA67DFFABA /* Pretendard-Regular.otf in Resources */ = {isa = PBXBuildFile; fileRef = BED2F9F569594B08A30E920B /* Pretendard-Regular.otf */; };
		A9CB6FD843EF8D4F53EB1F9C /* Color.swift in Sources */ = {isa = PBXBuildFile; fileRef = 77F3900C310F04E66A0F99D7 /* Color.swift */; };
		AC502F02AE51CC532ED1BE7D /* adPopup.swift in Sources */ = {isa = PBXBuildFile; fileRef = 8E558545D4B723361F14CA42 /* adPopup.swift */; };
		B77E3256A23FE084178B4762 /* Preview Assets.xcassets in Resources */ = {isa = PBXBuildFile; fileRef = 3F7EC6D481548C19272D71E9 /* Preview Assets.xcassets */; };
		C3A90CF91FC7D59F92F68C65 /* SplashView.swift in Sources */ = {isa = PBXBuildFile; fileRef = DAACB70C6AF5755BEA370148 /* SplashView.swift */; };
		C846CEA00A4D76EF5F6C5B9B /* TuistFonts+UMCTuistTest.swift in Sources */ = {isa = PBXBuildFile; fileRef = 03882724CF27D4BADA18FE75 /* TuistFonts+UMCTuistTest.swift */; };
		C8DD15D4F2B06FAF9AF6379B /* LoginViewModel.swift in Sources */ = {isa = PBXBuildFile; fileRef = 90036EE61736DAC36EB7F0D3 /* LoginViewModel.swift */; };
		D737D12FEF847CD5C3F7A16C /* UMCTuistTestTests.swift in Sources */ = {isa = PBXBuildFile; fileRef = E0DAD33BBAB8F54A8FC3CF05 /* UMCTuistTestTests.swift */; };
		DB7D2DCDC3E5652D9910AEDE /* CoffeeInfoModel.swift in Sources */ = {isa = PBXBuildFile; fileRef = 270A5B81AA783E38238967BA /* CoffeeInfoModel.swift */; };
		E2428E75D31736F66121DB41 /* Pretendard-Thin.otf in Resources */ = {isa = PBXBuildFile; fileRef = 8321230CCB43C0553895177A /* Pretendard-Thin.otf */; };
		F72883F4C29656CC0E55429D /* Pretendard-SemiBold.otf in Resources */ = {isa = PBXBuildFile; fileRef = 4923D18C6445D6B39F7DAEAB /* Pretendard-SemiBold.otf */; };
		FCAA1BCBE5AC50A90B34F88F /* FontManager.swift in Sources */ = {isa = PBXBuildFile; fileRef = 705C6004E5898F14D8865411 /* FontManager.swift */; };
		FD5605F0AACF5EBE5DD3C365 /* Color.xcassets in Resources */ = {isa = PBXBuildFile; fileRef = EEDF40688A3C80F6D9AC209E /* Color.xcassets */; };
		FDAE36ED0948A72BE578F38B /* Pretendard-Bold.otf in Resources */ = {isa = PBXBuildFile; fileRef = A05FA2DB5527651C3EEA6A28 /* Pretendard-Bold.otf */; };
/* End PBXBuildFile section */

/* Begin PBXContainerItemProxy section */
		359D9252F365B5EE1C444B7C /* PBXContainerItemProxy */ = {
			isa = PBXContainerItemProxy;
			containerPortal = 625A356CD080486186FA873F /* Project object */;
			proxyType = 1;
			remoteGlobalIDString = 7275C77AE03F6EA577B1988B;
			remoteInfo = UMC_Tuist_Test;
		};
/* End PBXContainerItemProxy section */

/* Begin PBXCopyFilesBuildPhase section */
		967FD9B7AA4F6C11303C0314 /* Embed Frameworks */ = {
			isa = PBXCopyFilesBuildPhase;
			buildActionMask = 2147483647;
			dstPath = "";
			dstSubfolderSpec = 10;
			files = (
			);
			name = "Embed Frameworks";
			runOnlyForDeploymentPostprocessing = 0;
		};
		B88F0E44873E3BA4D99FD9A6 /* Embed Frameworks */ = {
			isa = PBXCopyFilesBuildPhase;
			buildActionMask = 2147483647;
			dstPath = "";
			dstSubfolderSpec = 10;
			files = (
			);
			name = "Embed Frameworks";
			runOnlyForDeploymentPostprocessing = 0;
		};
/* End PBXCopyFilesBuildPhase section */

/* Begin PBXFileReference section */
		0135012211850C3B0267D84F /* HomeModel.swift */ = {isa = PBXFileReference; lastKnownFileType = sourcecode.swift; path = HomeModel.swift; sourceTree = "<group>"; };
		03882724CF27D4BADA18FE75 /* TuistFonts+UMCTuistTest.swift */ = {isa = PBXFileReference; lastKnownFileType = sourcecode.swift; path = "TuistFonts+UMCTuistTest.swift"; sourceTree = "<group>"; };
		1199F897D3B3E4E5085F5B8F /* Assets.xcassets */ = {isa = PBXFileReference; lastKnownFileType = folder.assetcatalog; path = Assets.xcassets; sourceTree = "<group>"; };
		15D94AA267185FB310184B25 /* Pretendard-ExtraBold.otf */ = {isa = PBXFileReference; lastKnownFileType = file; path = "Pretendard-ExtraBold.otf"; sourceTree = "<group>"; };
		270A5B81AA783E38238967BA /* CoffeeInfoModel.swift */ = {isa = PBXFileReference; lastKnownFileType = sourcecode.swift; path = CoffeeInfoModel.swift; sourceTree = "<group>"; };
		311CCAB5D6BC5731F877E34C /* UMC_Tuist_TestTests.xctest */ = {isa = PBXFileReference; explicitFileType = wrapper.cfbundle; includeInIndex = 0; path = UMC_Tuist_TestTests.xctest; sourceTree = BUILT_PRODUCTS_DIR; };
		341750F796026FA8B7FE42A0 /* UMC_Tuist_Test-Info.plist */ = {isa = PBXFileReference; lastKnownFileType = text.plist; path = "UMC_Tuist_Test-Info.plist"; sourceTree = "<group>"; };
		37EB769B3674C9134E344389 /* TabbarView.swift */ = {isa = PBXFileReference; lastKnownFileType = sourcecode.swift; path = TabbarView.swift; sourceTree = "<group>"; };
		3F7EC6D481548C19272D71E9 /* Preview Assets.xcassets */ = {isa = PBXFileReference; lastKnownFileType = folder.assetcatalog; path = "Preview Assets.xcassets"; sourceTree = "<group>"; };
		4923D18C6445D6B39F7DAEAB /* Pretendard-SemiBold.otf */ = {isa = PBXFileReference; lastKnownFileType = file; path = "Pretendard-SemiBold.otf"; sourceTree = "<group>"; };
		54C231761991927410688E08 /* TuistAssets+UMCTuistTest.swift */ = {isa = PBXFileReference; lastKnownFileType = sourcecode.swift; path = "TuistAssets+UMCTuistTest.swift"; sourceTree = "<group>"; };
		63DDAA6B489028F04D2BE650 /* ContentView.swift */ = {isa = PBXFileReference; lastKnownFileType = sourcecode.swift; path = ContentView.swift; sourceTree = "<group>"; };
		64898C96687D4F81A7CF5AF3 /* SignupView.swift */ = {isa = PBXFileReference; lastKnownFileType = sourcecode.swift; path = SignupView.swift; sourceTree = "<group>"; };
		705C6004E5898F14D8865411 /* FontManager.swift */ = {isa = PBXFileReference; lastKnownFileType = sourcecode.swift; path = FontManager.swift; sourceTree = "<group>"; };
		77F3900C310F04E66A0F99D7 /* Color.swift */ = {isa = PBXFileReference; lastKnownFileType = sourcecode.swift; path = Color.swift; sourceTree = "<group>"; };
		7E3BFE041C114D034C814146 /* Pretendard-ExtraLight.otf */ = {isa = PBXFileReference; lastKnownFileType = file; path = "Pretendard-ExtraLight.otf"; sourceTree = "<group>"; };
		8321230CCB43C0553895177A /* Pretendard-Thin.otf */ = {isa = PBXFileReference; lastKnownFileType = file; path = "Pretendard-Thin.otf"; sourceTree = "<group>"; };
		8947E6E961CCFEC421886DF5 /* OtherViewModel.swift */ = {isa = PBXFileReference; lastKnownFileType = sourcecode.swift; path = OtherViewModel.swift; sourceTree = "<group>"; };
		8BE7B8E440794E4A0C971898 /* UMCTuistTestApp.swift */ = {isa = PBXFileReference; lastKnownFileType = sourcecode.swift; path = UMCTuistTestApp.swift; sourceTree = "<group>"; };
		8E558545D4B723361F14CA42 /* adPopup.swift */ = {isa = PBXFileReference; lastKnownFileType = sourcecode.swift; path = adPopup.swift; sourceTree = "<group>"; };
		90036EE61736DAC36EB7F0D3 /* LoginViewModel.swift */ = {isa = PBXFileReference; lastKnownFileType = sourcecode.swift; path = LoginViewModel.swift; sourceTree = "<group>"; };
		9346E959F6E77BE70B2F8A7D /* CoffeeInfoView.swift */ = {isa = PBXFileReference; lastKnownFileType = sourcecode.swift; path = CoffeeInfoView.swift; sourceTree = "<group>"; };
		9689CCB7CF6C5D74452BD98F /* Pretendard-Light.otf */ = {isa = PBXFileReference; lastKnownFileType = file; path = "Pretendard-Light.otf"; sourceTree = "<group>"; };
		9DC89CBF1986537AE945AA96 /* LoginView.swift */ = {isa = PBXFileReference; lastKnownFileType = sourcecode.swift; path = LoginView.swift; sourceTree = "<group>"; };
		A05FA2DB5527651C3EEA6A28 /* Pretendard-Bold.otf */ = {isa = PBXFileReference; lastKnownFileType = file; path = "Pretendard-Bold.otf"; sourceTree = "<group>"; };
		A7A28806778E0D68235D2A08 /* SignupViewModel.swift */ = {isa = PBXFileReference; lastKnownFileType = sourcecode.swift; path = SignupViewModel.swift; sourceTree = "<group>"; };
		A9867E4F8352DDBD1A8A9AF2 /* OtherView.swift */ = {isa = PBXFileReference; lastKnownFileType = sourcecode.swift; path = OtherView.swift; sourceTree = "<group>"; };
		AF831790EB7CE42889DF7768 /* UMC_Tuist_Test.app */ = {isa = PBXFileReference; explicitFileType = wrapper.application; includeInIndex = 0; path = UMC_Tuist_Test.app; sourceTree = BUILT_PRODUCTS_DIR; };
		B0D5686294D25AC956E37E24 /* TuistBundle+UMCTuistTest.swift */ = {isa = PBXFileReference; lastKnownFileType = sourcecode.swift; path = "TuistBundle+UMCTuistTest.swift"; sourceTree = "<group>"; };
		B331A91B13E27FC71B618061 /* UMC_Tuist_TestTests-Info.plist */ = {isa = PBXFileReference; lastKnownFileType = text.plist; path = "UMC_Tuist_TestTests-Info.plist"; sourceTree = "<group>"; };
		BED2F9F569594B08A30E920B /* Pretendard-Regular.otf */ = {isa = PBXFileReference; lastKnownFileType = file; path = "Pretendard-Regular.otf"; sourceTree = "<group>"; };
		C0E4D3132E9BCE5599E7181A /* Pretendard-Medium.otf */ = {isa = PBXFileReference; lastKnownFileType = file; path = "Pretendard-Medium.otf"; sourceTree = "<group>"; };
		C1AA9B4741244B15D50E4514 /* LoginModel.swift */ = {isa = PBXFileReference; lastKnownFileType = sourcecode.swift; path = LoginModel.swift; sourceTree = "<group>"; };
		D5FAD0929540220852FA21E8 /* SignupModel.swift */ = {isa = PBXFileReference; lastKnownFileType = sourcecode.swift; path = SignupModel.swift; sourceTree = "<group>"; };
		DAACB70C6AF5755BEA370148 /* SplashView.swift */ = {isa = PBXFileReference; lastKnownFileType = sourcecode.swift; path = SplashView.swift; sourceTree = "<group>"; };
		DF0E0203B492B22C6E21D705 /* HomeView.swift */ = {isa = PBXFileReference; lastKnownFileType = sourcecode.swift; path = HomeView.swift; sourceTree = "<group>"; };
		E0DAD33BBAB8F54A8FC3CF05 /* UMCTuistTestTests.swift */ = {isa = PBXFileReference; lastKnownFileType = sourcecode.swift; path = UMCTuistTestTests.swift; sourceTree = "<group>"; };
		E1DFEE307B82D20736F41BC5 /* Pretendard-Black.otf */ = {isa = PBXFileReference; lastKnownFileType = file; path = "Pretendard-Black.otf"; sourceTree = "<group>"; };
		EEDF40688A3C80F6D9AC209E /* Color.xcassets */ = {isa = PBXFileReference; lastKnownFileType = folder.assetcatalog; path = Color.xcassets; sourceTree = "<group>"; };
		F3EBC23CA6895FD747ED8B22 /* HomeViewModel.swift */ = {isa = PBXFileReference; lastKnownFileType = sourcecode.swift; path = HomeViewModel.swift; sourceTree = "<group>"; };
/* End PBXFileReference section */

/* Begin PBXFrameworksBuildPhase section */
		0FBD58241ABC18E3163A10DC /* Frameworks */ = {
			isa = PBXFrameworksBuildPhase;
			buildActionMask = 2147483647;
			files = (
			);
			runOnlyForDeploymentPostprocessing = 0;
		};
		3CE76584917D88FD128B8213 /* Frameworks */ = {
			isa = PBXFrameworksBuildPhase;
			buildActionMask = 2147483647;
			files = (
			);
			runOnlyForDeploymentPostprocessing = 0;
		};
/* End PBXFrameworksBuildPhase section */

/* Begin PBXGroup section */
		0C3C97A590D5720F3621F92C /* Views */ = {
			isa = PBXGroup;
			children = (
				8E558545D4B723361F14CA42 /* adPopup.swift */,
				9346E959F6E77BE70B2F8A7D /* CoffeeInfoView.swift */,
				DF0E0203B492B22C6E21D705 /* HomeView.swift */,
				9DC89CBF1986537AE945AA96 /* LoginView.swift */,
				A9867E4F8352DDBD1A8A9AF2 /* OtherView.swift */,
				64898C96687D4F81A7CF5AF3 /* SignupView.swift */,
				DAACB70C6AF5755BEA370148 /* SplashView.swift */,
				37EB769B3674C9134E344389 /* TabbarView.swift */,
			);
			path = Views;
			sourceTree = "<group>";
		};
		19616CEC2771B4FD190E4F50 /* InfoPlists */ = {
			isa = PBXGroup;
			children = (
				341750F796026FA8B7FE42A0 /* UMC_Tuist_Test-Info.plist */,
				B331A91B13E27FC71B618061 /* UMC_Tuist_TestTests-Info.plist */,
			);
			path = InfoPlists;
			sourceTree = "<group>";
		};
		2740990BDC0D596D0DB74AA0 /* Tests */ = {
			isa = PBXGroup;
			children = (
				E0DAD33BBAB8F54A8FC3CF05 /* UMCTuistTestTests.swift */,
			);
			path = Tests;
			sourceTree = "<group>";
		};
		2927530AE695E7C0CA7E811B /* UMC_Tuist_Test */ = {
			isa = PBXGroup;
			children = (
				BF2A1191EAAAD8F534D0C297 /* Resources */,
				6441C05813C36A6AF16D19A5 /* Sources */,
				2740990BDC0D596D0DB74AA0 /* Tests */,
			);
			path = UMC_Tuist_Test;
			sourceTree = "<group>";
		};
		57540FF25A1D09FE3F706035 /* Project */ = {
			isa = PBXGroup;
			children = (
				E4F3DE9E17673D82C5D50B24 /* Derived */,
				2927530AE695E7C0CA7E811B /* UMC_Tuist_Test */,
			);
			name = Project;
			sourceTree = "<group>";
		};
		6441C05813C36A6AF16D19A5 /* Sources */ = {
			isa = PBXGroup;
			children = (
				99A7AF1BF877FAF5975039F0 /* Models */,
				765C01993540F645DA3D8D6D /* ViewModels */,
				0C3C97A590D5720F3621F92C /* Views */,
				77F3900C310F04E66A0F99D7 /* Color.swift */,
				63DDAA6B489028F04D2BE650 /* ContentView.swift */,
				705C6004E5898F14D8865411 /* FontManager.swift */,
				8BE7B8E440794E4A0C971898 /* UMCTuistTestApp.swift */,
			);
			path = Sources;
			sourceTree = "<group>";
		};
		71A7733E8D99B425EC921AB5 = {
			isa = PBXGroup;
			children = (
				57540FF25A1D09FE3F706035 /* Project */,
				CC3FA0EC41B6557EB93B8CEB /* Products */,
			);
			sourceTree = "<group>";
		};
		765C01993540F645DA3D8D6D /* ViewModels */ = {
			isa = PBXGroup;
			children = (
				F3EBC23CA6895FD747ED8B22 /* HomeViewModel.swift */,
				90036EE61736DAC36EB7F0D3 /* LoginViewModel.swift */,
				8947E6E961CCFEC421886DF5 /* OtherViewModel.swift */,
				A7A28806778E0D68235D2A08 /* SignupViewModel.swift */,
			);
			path = ViewModels;
			sourceTree = "<group>";
		};
		7EFE5AC6E8B2EDC0B019FBDD /* Preview Content */ = {
			isa = PBXGroup;
			children = (
				3F7EC6D481548C19272D71E9 /* Preview Assets.xcassets */,
			);
			path = "Preview Content";
			sourceTree = "<group>";
		};
		99A7AF1BF877FAF5975039F0 /* Models */ = {
			isa = PBXGroup;
			children = (
				270A5B81AA783E38238967BA /* CoffeeInfoModel.swift */,
				0135012211850C3B0267D84F /* HomeModel.swift */,
				C1AA9B4741244B15D50E4514 /* LoginModel.swift */,
				D5FAD0929540220852FA21E8 /* SignupModel.swift */,
			);
			path = Models;
			sourceTree = "<group>";
		};
		BF2A1191EAAAD8F534D0C297 /* Resources */ = {
			isa = PBXGroup;
			children = (
				7EFE5AC6E8B2EDC0B019FBDD /* Preview Content */,
				1199F897D3B3E4E5085F5B8F /* Assets.xcassets */,
				EEDF40688A3C80F6D9AC209E /* Color.xcassets */,
				E1DFEE307B82D20736F41BC5 /* Pretendard-Black.otf */,
				A05FA2DB5527651C3EEA6A28 /* Pretendard-Bold.otf */,
				15D94AA267185FB310184B25 /* Pretendard-ExtraBold.otf */,
				7E3BFE041C114D034C814146 /* Pretendard-ExtraLight.otf */,
				9689CCB7CF6C5D74452BD98F /* Pretendard-Light.otf */,
				C0E4D3132E9BCE5599E7181A /* Pretendard-Medium.otf */,
				BED2F9F569594B08A30E920B /* Pretendard-Regular.otf */,
				4923D18C6445D6B39F7DAEAB /* Pretendard-SemiBold.otf */,
				8321230CCB43C0553895177A /* Pretendard-Thin.otf */,
			);
			path = Resources;
			sourceTree = "<group>";
		};
		CC3FA0EC41B6557EB93B8CEB /* Products */ = {
			isa = PBXGroup;
			children = (
				AF831790EB7CE42889DF7768 /* UMC_Tuist_Test.app */,
				311CCAB5D6BC5731F877E34C /* UMC_Tuist_TestTests.xctest */,
			);
			name = Products;
			sourceTree = "<group>";
		};
		E4F3DE9E17673D82C5D50B24 /* Derived */ = {
			isa = PBXGroup;
			children = (
				19616CEC2771B4FD190E4F50 /* InfoPlists */,
				FD2459E3C6C454DBBD3647C8 /* Sources */,
			);
			path = Derived;
			sourceTree = "<group>";
		};
		FD2459E3C6C454DBBD3647C8 /* Sources */ = {
			isa = PBXGroup;
			children = (
				54C231761991927410688E08 /* TuistAssets+UMCTuistTest.swift */,
				B0D5686294D25AC956E37E24 /* TuistBundle+UMCTuistTest.swift */,
				03882724CF27D4BADA18FE75 /* TuistFonts+UMCTuistTest.swift */,
			);
			path = Sources;
			sourceTree = "<group>";
		};
/* End PBXGroup section */

/* Begin PBXNativeTarget section */
		7275C77AE03F6EA577B1988B /* UMC_Tuist_Test */ = {
			isa = PBXNativeTarget;
			buildConfigurationList = 02D8EDD9725E43EC69642B8E /* Build configuration list for PBXNativeTarget "UMC_Tuist_Test" */;
			buildPhases = (
				B16ECC00B02434EF92DE09D6 /* Sources */,
				7D03E407E9411C66236F9B7C /* Resources */,
				3CE76584917D88FD128B8213 /* Frameworks */,
				B88F0E44873E3BA4D99FD9A6 /* Embed Frameworks */,
			);
			buildRules = (
			);
			dependencies = (
			);
			name = UMC_Tuist_Test;
			packageProductDependencies = (
			);
			productName = UMC_Tuist_Test;
			productReference = AF831790EB7CE42889DF7768 /* UMC_Tuist_Test.app */;
			productType = "com.apple.product-type.application";
		};
		C9A3E83BE4D930D32C639E4A /* UMC_Tuist_TestTests */ = {
			isa = PBXNativeTarget;
			buildConfigurationList = 0497580287ACD5A21DB12ED6 /* Build configuration list for PBXNativeTarget "UMC_Tuist_TestTests" */;
			buildPhases = (
				6896020DEBD73ED82B7BCD51 /* Sources */,
				1C9265E3F817998E941DD60B /* Resources */,
				0FBD58241ABC18E3163A10DC /* Frameworks */,
				967FD9B7AA4F6C11303C0314 /* Embed Frameworks */,
			);
			buildRules = (
			);
			dependencies = (
				1F868CC42CB76BFA4582D9C8 /* PBXTargetDependency */,
			);
			name = UMC_Tuist_TestTests;
			packageProductDependencies = (
			);
			productName = UMC_Tuist_TestTests;
			productReference = 311CCAB5D6BC5731F877E34C /* UMC_Tuist_TestTests.xctest */;
			productType = "com.apple.product-type.bundle.unit-test";
		};
/* End PBXNativeTarget section */

/* Begin PBXProject section */
		625A356CD080486186FA873F /* Project object */ = {
			isa = PBXProject;
			attributes = {
				BuildIndependentTargetsInParallel = YES;
				TargetAttributes = {
					C9A3E83BE4D930D32C639E4A = {
						TestTargetID = 7275C77AE03F6EA577B1988B;
					};
				};
			};
			buildConfigurationList = 794FD90BD1057E3384F1740E /* Build configuration list for PBXProject "UMC_Tuist_Test" */;
			compatibilityVersion = "Xcode 14.0";
			developmentRegion = en;
			hasScannedForEncodings = 0;
			knownRegions = (
				Base,
				en,
			);
			mainGroup = 71A7733E8D99B425EC921AB5;
			productRefGroup = CC3FA0EC41B6557EB93B8CEB /* Products */;
			projectDirPath = "";
			projectRoot = "";
			targets = (
				7275C77AE03F6EA577B1988B /* UMC_Tuist_Test */,
				C9A3E83BE4D930D32C639E4A /* UMC_Tuist_TestTests */,
			);
		};
/* End PBXProject section */

/* Begin PBXResourcesBuildPhase section */
		1C9265E3F817998E941DD60B /* Resources */ = {
			isa = PBXResourcesBuildPhase;
			buildActionMask = 2147483647;
			files = (
			);
			runOnlyForDeploymentPostprocessing = 0;
		};
		7D03E407E9411C66236F9B7C /* Resources */ = {
			isa = PBXResourcesBuildPhase;
			buildActionMask = 2147483647;
			files = (
				66EFB8634BDCD823A2A9219F /* Assets.xcassets in Resources */,
				FD5605F0AACF5EBE5DD3C365 /* Color.xcassets in Resources */,
				6F6D121A68A4366D5C92072D /* Pretendard-Black.otf in Resources */,
				FDAE36ED0948A72BE578F38B /* Pretendard-Bold.otf in Resources */,
				4C3A1B9286AFA1FA6F07F25E /* Pretendard-ExtraBold.otf in Resources */,
				31B601676410325609FA98C1 /* Pretendard-ExtraLight.otf in Resources */,
				4C56F2BFFB40B3E3B0C8E973 /* Pretendard-Light.otf in Resources */,
				11B34AFC2BC9E260A04C4C06 /* Pretendard-Medium.otf in Resources */,
				A6A9F4C155824CEA67DFFABA /* Pretendard-Regular.otf in Resources */,
				F72883F4C29656CC0E55429D /* Pretendard-SemiBold.otf in Resources */,
				E2428E75D31736F66121DB41 /* Pretendard-Thin.otf in Resources */,
				B77E3256A23FE084178B4762 /* Preview Assets.xcassets in Resources */,
			);
			runOnlyForDeploymentPostprocessing = 0;
		};
/* End PBXResourcesBuildPhase section */

/* Begin PBXSourcesBuildPhase section */
		6896020DEBD73ED82B7BCD51 /* Sources */ = {
			isa = PBXSourcesBuildPhase;
			buildActionMask = 2147483647;
			files = (
				D737D12FEF847CD5C3F7A16C /* UMCTuistTestTests.swift in Sources */,
			);
			runOnlyForDeploymentPostprocessing = 0;
		};
		B16ECC00B02434EF92DE09D6 /* Sources */ = {
			isa = PBXSourcesBuildPhase;
			buildActionMask = 2147483647;
			files = (
				55C8B93A2FB7D64F75DBFC5E /* TuistAssets+UMCTuistTest.swift in Sources */,
				1592214C354B13861842A9E1 /* TuistBundle+UMCTuistTest.swift in Sources */,
				C846CEA00A4D76EF5F6C5B9B /* TuistFonts+UMCTuistTest.swift in Sources */,
				A9CB6FD843EF8D4F53EB1F9C /* Color.swift in Sources */,
				283FAFAB0DF20BBE37B0950D /* ContentView.swift in Sources */,
				FCAA1BCBE5AC50A90B34F88F /* FontManager.swift in Sources */,
				DB7D2DCDC3E5652D9910AEDE /* CoffeeInfoModel.swift in Sources */,
				54F1F1AC073AE47D5363C109 /* HomeModel.swift in Sources */,
				897743B91034A37C234FEFE2 /* LoginModel.swift in Sources */,
				8C1F9989640F387A84C5042D /* SignupModel.swift in Sources */,
				2F797CA6863B72EE47631BE0 /* UMCTuistTestApp.swift in Sources */,
				53D4FD3C38F04A188F2F7A4B /* HomeViewModel.swift in Sources */,
				C8DD15D4F2B06FAF9AF6379B /* LoginViewModel.swift in Sources */,
				7F27F5EC85378D75083040F4 /* OtherViewModel.swift in Sources */,
				A626E2FCC258D2C5A20B180B /* SignupViewModel.swift in Sources */,
				00B9675E241B5AF9A78CBF46 /* CoffeeInfoView.swift in Sources */,
				9F1558FE342042E1F88131D6 /* HomeView.swift in Sources */,
				8D9972C0EB2F5C25BE7A1FE9 /* LoginView.swift in Sources */,
				90C1D1847E4B0B2ABBCADF57 /* OtherView.swift in Sources */,
				36B469971239E1E148CCCFFE /* SignupView.swift in Sources */,
				C3A90CF91FC7D59F92F68C65 /* SplashView.swift in Sources */,
				4DF54D04FD3C15227E028B68 /* TabbarView.swift in Sources */,
				AC502F02AE51CC532ED1BE7D /* adPopup.swift in Sources */,
			);
			runOnlyForDeploymentPostprocessing = 0;
		};
/* End PBXSourcesBuildPhase section */

/* Begin PBXTargetDependency section */
		1F868CC42CB76BFA4582D9C8 /* PBXTargetDependency */ = {
			isa = PBXTargetDependency;
			name = UMC_Tuist_Test;
			target = 7275C77AE03F6EA577B1988B /* UMC_Tuist_Test */;
			targetProxy = 359D9252F365B5EE1C444B7C /* PBXContainerItemProxy */;
		};
/* End PBXTargetDependency section */

/* Begin XCBuildConfiguration section */
		0DB7A90894B5827AC7207DCD /* Debug */ = {
			isa = XCBuildConfiguration;
			buildSettings = {
				ASSETCATALOG_COMPILER_APPICON_NAME = AppIcon;
				CODE_SIGN_IDENTITY = "iPhone Developer";
				ENABLE_PREVIEWS = YES;
				INFOPLIST_FILE = "Derived/InfoPlists/UMC_Tuist_Test-Info.plist";
				LD_RUNPATH_SEARCH_PATHS = (
					"$(inherited)",
					"@executable_path/Frameworks",
				);
				PRODUCT_BUNDLE_IDENTIFIER = "io.tuist.UMC-Tuist-Test";
				PRODUCT_NAME = UMC_Tuist_Test;
				SDKROOT = iphoneos;
				SUPPORTS_MACCATALYST = NO;
				SUPPORTS_MAC_DESIGNED_FOR_IPHONE_IPAD = YES;
				SUPPORTS_XR_DESIGNED_FOR_IPHONE_IPAD = NO;
				SWIFT_ACTIVE_COMPILATION_CONDITIONS = (
					"$(inherited)",
					DEBUG,
				);
				SWIFT_COMPILATION_MODE = singlefile;
				SWIFT_OPTIMIZATION_LEVEL = "-Onone";
				SWIFT_VERSION = 5.0;
				TARGETED_DEVICE_FAMILY = "1,2";
			};
			name = Debug;
		};
		321E46F6489F9864958CB301 /* Debug */ = {
			isa = XCBuildConfiguration;
			buildSettings = {
				ALWAYS_SEARCH_USER_PATHS = NO;
				CLANG_ANALYZER_LOCALIZABILITY_NONLOCALIZED = YES;
				CLANG_ANALYZER_NONNULL = YES;
				CLANG_ANALYZER_NUMBER_OBJECT_CONVERSION = YES_AGGRESSIVE;
				CLANG_CXX_LANGUAGE_STANDARD = "gnu++14";
				CLANG_CXX_LIBRARY = "libc++";
				CLANG_ENABLE_MODULES = YES;
				CLANG_ENABLE_OBJC_ARC = YES;
				CLANG_ENABLE_OBJC_WEAK = YES;
				CLANG_WARN_BLOCK_CAPTURE_AUTORELEASING = YES;
				CLANG_WARN_BOOL_CONVERSION = YES;
				CLANG_WARN_COMMA = YES;
				CLANG_WARN_CONSTANT_CONVERSION = YES;
				CLANG_WARN_DEPRECATED_OBJC_IMPLEMENTATIONS = YES;
				CLANG_WARN_DIRECT_OBJC_ISA_USAGE = YES_ERROR;
				CLANG_WARN_DOCUMENTATION_COMMENTS = YES;
				CLANG_WARN_EMPTY_BODY = YES;
				CLANG_WARN_ENUM_CONVERSION = YES;
				CLANG_WARN_INFINITE_RECURSION = YES;
				CLANG_WARN_INT_CONVERSION = YES;
				CLANG_WARN_NON_LITERAL_NULL_CONVERSION = YES;
				CLANG_WARN_OBJC_IMPLICIT_RETAIN_SELF = YES;
				CLANG_WARN_OBJC_LITERAL_CONVERSION = YES;
				CLANG_WARN_OBJC_ROOT_CLASS = YES_ERROR;
				CLANG_WARN_QUOTED_INCLUDE_IN_FRAMEWORK_HEADER = YES;
				CLANG_WARN_RANGE_LOOP_ANALYSIS = YES;
				CLANG_WARN_STRICT_PROTOTYPES = YES;
				CLANG_WARN_SUSPICIOUS_MOVE = YES;
				CLANG_WARN_UNGUARDED_AVAILABILITY = YES_AGGRESSIVE;
				CLANG_WARN_UNREACHABLE_CODE = YES;
				CLANG_WARN__DUPLICATE_METHOD_MATCH = YES;
				COPY_PHASE_STRIP = NO;
				DEAD_CODE_STRIPPING = YES;
				DEBUG_INFORMATION_FORMAT = dwarf;
				ENABLE_STRICT_OBJC_MSGSEND = YES;
				ENABLE_TESTABILITY = YES;
				GCC_C_LANGUAGE_STANDARD = gnu11;
				GCC_DYNAMIC_NO_PIC = NO;
				GCC_NO_COMMON_BLOCKS = YES;
				GCC_OPTIMIZATION_LEVEL = 0;
				GCC_PREPROCESSOR_DEFINITIONS = (
					"DEBUG=1",
					"$(inherited)",
				);
				GCC_WARN_64_TO_32_BIT_CONVERSION = YES;
				GCC_WARN_ABOUT_RETURN_TYPE = YES_ERROR;
				GCC_WARN_UNDECLARED_SELECTOR = YES;
				GCC_WARN_UNINITIALIZED_AUTOS = YES_AGGRESSIVE;
				GCC_WARN_UNUSED_FUNCTION = YES;
				GCC_WARN_UNUSED_VARIABLE = YES;
				MTL_ENABLE_DEBUG_INFO = YES;
				ONLY_ACTIVE_ARCH = YES;
				PRODUCT_NAME = "$(TARGET_NAME)";
			};
			name = Debug;
		};
		577C69C8EED04A6615623C31 /* Release */ = {
			isa = XCBuildConfiguration;
			buildSettings = {
				ASSETCATALOG_COMPILER_APPICON_NAME = AppIcon;
				CODE_SIGN_IDENTITY = "iPhone Developer";
				ENABLE_PREVIEWS = YES;
				INFOPLIST_FILE = "Derived/InfoPlists/UMC_Tuist_Test-Info.plist";
				LD_RUNPATH_SEARCH_PATHS = (
					"$(inherited)",
					"@executable_path/Frameworks",
				);
				PRODUCT_BUNDLE_IDENTIFIER = "io.tuist.UMC-Tuist-Test";
				PRODUCT_NAME = UMC_Tuist_Test;
				SDKROOT = iphoneos;
				SUPPORTS_MACCATALYST = NO;
				SUPPORTS_MAC_DESIGNED_FOR_IPHONE_IPAD = YES;
				SUPPORTS_XR_DESIGNED_FOR_IPHONE_IPAD = NO;
				SWIFT_COMPILATION_MODE = wholemodule;
				SWIFT_OPTIMIZATION_LEVEL = "-Owholemodule";
				SWIFT_VERSION = 5.0;
				TARGETED_DEVICE_FAMILY = "1,2";
			};
			name = Release;
		};
		5E3F170D8D1ED212A5912977 /* Release */ = {
			isa = XCBuildConfiguration;
			buildSettings = {
				BUNDLE_LOADER = "$(TEST_HOST)";
				CODE_SIGN_IDENTITY = "iPhone Developer";
				INFOPLIST_FILE = "Derived/InfoPlists/UMC_Tuist_TestTests-Info.plist";
				LD_RUNPATH_SEARCH_PATHS = (
					"$(inherited)",
					"@executable_path/Frameworks",
					"@loader_path/Frameworks",
				);
				PRODUCT_BUNDLE_IDENTIFIER = "io.tuist.UMC-Tuist-TestTests";
				PRODUCT_NAME = UMC_Tuist_TestTests;
				SDKROOT = iphoneos;
				SUPPORTS_MACCATALYST = NO;
				SUPPORTS_MAC_DESIGNED_FOR_IPHONE_IPAD = YES;
				SUPPORTS_XR_DESIGNED_FOR_IPHONE_IPAD = NO;
				SWIFT_COMPILATION_MODE = wholemodule;
				SWIFT_OPTIMIZATION_LEVEL = "-Owholemodule";
				SWIFT_VERSION = 5.0;
				TARGETED_DEVICE_FAMILY = "1,2";
				TEST_HOST = "$(BUILT_PRODUCTS_DIR)/UMC_Tuist_Test.app/$(BUNDLE_EXECUTABLE_FOLDER_PATH)/UMC_Tuist_Test";
				TEST_TARGET_NAME = UMC_Tuist_Test;
			};
			name = Release;
		};
		63BD75F107AFF5179DA209BF /* Release */ = {
			isa = XCBuildConfiguration;
			buildSettings = {
				ALWAYS_SEARCH_USER_PATHS = NO;
				CLANG_ANALYZER_LOCALIZABILITY_NONLOCALIZED = YES;
				CLANG_ANALYZER_NONNULL = YES;
				CLANG_ANALYZER_NUMBER_OBJECT_CONVERSION = YES_AGGRESSIVE;
				CLANG_CXX_LANGUAGE_STANDARD = "gnu++14";
				CLANG_CXX_LIBRARY = "libc++";
				CLANG_ENABLE_MODULES = YES;
				CLANG_ENABLE_OBJC_ARC = YES;
				CLANG_ENABLE_OBJC_WEAK = YES;
				CLANG_WARN_BLOCK_CAPTURE_AUTORELEASING = YES;
				CLANG_WARN_BOOL_CONVERSION = YES;
				CLANG_WARN_COMMA = YES;
				CLANG_WARN_CONSTANT_CONVERSION = YES;
				CLANG_WARN_DEPRECATED_OBJC_IMPLEMENTATIONS = YES;
				CLANG_WARN_DIRECT_OBJC_ISA_USAGE = YES_ERROR;
				CLANG_WARN_DOCUMENTATION_COMMENTS = YES;
				CLANG_WARN_EMPTY_BODY = YES;
				CLANG_WARN_ENUM_CONVERSION = YES;
				CLANG_WARN_INFINITE_RECURSION = YES;
				CLANG_WARN_INT_CONVERSION = YES;
				CLANG_WARN_NON_LITERAL_NULL_CONVERSION = YES;
				CLANG_WARN_OBJC_IMPLICIT_RETAIN_SELF = YES;
				CLANG_WARN_OBJC_LITERAL_CONVERSION = YES;
				CLANG_WARN_OBJC_ROOT_CLASS = YES_ERROR;
				CLANG_WARN_QUOTED_INCLUDE_IN_FRAMEWORK_HEADER = YES;
				CLANG_WARN_RANGE_LOOP_ANALYSIS = YES;
				CLANG_WARN_STRICT_PROTOTYPES = YES;
				CLANG_WARN_SUSPICIOUS_MOVE = YES;
				CLANG_WARN_UNGUARDED_AVAILABILITY = YES_AGGRESSIVE;
				CLANG_WARN_UNREACHABLE_CODE = YES;
				CLANG_WARN__DUPLICATE_METHOD_MATCH = YES;
				COPY_PHASE_STRIP = NO;
				DEAD_CODE_STRIPPING = YES;
				DEBUG_INFORMATION_FORMAT = "dwarf-with-dsym";
				ENABLE_NS_ASSERTIONS = NO;
				ENABLE_STRICT_OBJC_MSGSEND = YES;
				GCC_C_LANGUAGE_STANDARD = gnu11;
				GCC_NO_COMMON_BLOCKS = YES;
				GCC_WARN_64_TO_32_BIT_CONVERSION = YES;
				GCC_WARN_ABOUT_RETURN_TYPE = YES_ERROR;
				GCC_WARN_UNDECLARED_SELECTOR = YES;
				GCC_WARN_UNINITIALIZED_AUTOS = YES_AGGRESSIVE;
				GCC_WARN_UNUSED_FUNCTION = YES;
				GCC_WARN_UNUSED_VARIABLE = YES;
				MTL_ENABLE_DEBUG_INFO = NO;
				PRODUCT_NAME = "$(TARGET_NAME)";
				VALIDATE_PRODUCT = YES;
			};
			name = Release;
		};
		A11FA901F2DDAF26CC38E3E5 /* Debug */ = {
			isa = XCBuildConfiguration;
			buildSettings = {
				BUNDLE_LOADER = "$(TEST_HOST)";
				CODE_SIGN_IDENTITY = "iPhone Developer";
				INFOPLIST_FILE = "Derived/InfoPlists/UMC_Tuist_TestTests-Info.plist";
				LD_RUNPATH_SEARCH_PATHS = (
					"$(inherited)",
					"@executable_path/Frameworks",
					"@loader_path/Frameworks",
				);
				PRODUCT_BUNDLE_IDENTIFIER = "io.tuist.UMC-Tuist-TestTests";
				PRODUCT_NAME = UMC_Tuist_TestTests;
				SDKROOT = iphoneos;
				SUPPORTS_MACCATALYST = NO;
				SUPPORTS_MAC_DESIGNED_FOR_IPHONE_IPAD = YES;
				SUPPORTS_XR_DESIGNED_FOR_IPHONE_IPAD = NO;
				SWIFT_ACTIVE_COMPILATION_CONDITIONS = (
					"$(inherited)",
					DEBUG,
				);
				SWIFT_COMPILATION_MODE = singlefile;
				SWIFT_OPTIMIZATION_LEVEL = "-Onone";
				SWIFT_VERSION = 5.0;
				TARGETED_DEVICE_FAMILY = "1,2";
				TEST_HOST = "$(BUILT_PRODUCTS_DIR)/UMC_Tuist_Test.app/$(BUNDLE_EXECUTABLE_FOLDER_PATH)/UMC_Tuist_Test";
				TEST_TARGET_NAME = UMC_Tuist_Test;
			};
			name = Debug;
		};
/* End XCBuildConfiguration section */

/* Begin XCConfigurationList section */
		02D8EDD9725E43EC69642B8E /* Build configuration list for PBXNativeTarget "UMC_Tuist_Test" */ = {
			isa = XCConfigurationList;
			buildConfigurations = (
				0DB7A90894B5827AC7207DCD /* Debug */,
				577C69C8EED04A6615623C31 /* Release */,
			);
			defaultConfigurationIsVisible = 0;
			defaultConfigurationName = Release;
		};
		0497580287ACD5A21DB12ED6 /* Build configuration list for PBXNativeTarget "UMC_Tuist_TestTests" */ = {
			isa = XCConfigurationList;
			buildConfigurations = (
				A11FA901F2DDAF26CC38E3E5 /* Debug */,
				5E3F170D8D1ED212A5912977 /* Release */,
			);
			defaultConfigurationIsVisible = 0;
			defaultConfigurationName = Release;
		};
		794FD90BD1057E3384F1740E /* Build configuration list for PBXProject "UMC_Tuist_Test" */ = {
			isa = XCConfigurationList;
			buildConfigurations = (
				321E46F6489F9864958CB301 /* Debug */,
				63BD75F107AFF5179DA209BF /* Release */,
			);
			defaultConfigurationIsVisible = 0;
			defaultConfigurationName = Release;
		};
/* End XCConfigurationList section */
	};
	rootObject = 625A356CD080486186FA873F /* Project object */;
}
